// !$*UTF8*$!
{
	archiveVersion = 1;
	classes = {
	};
	objectVersion = 50;
	objects = {

/* Begin PBXBuildFile section */
		13F3F22542C915EBC9FD967F /* CardView.swift in Sources */ = {isa = PBXBuildFile; fileRef = 13F3F98660B9D7376901CC14 /* CardView.swift */; };
		13F3F3105607942E0B161472 /* User.swift in Sources */ = {isa = PBXBuildFile; fileRef = 13F3F2AFB6EA6C382B276DB0 /* User.swift */; };
		13F3F32197A577A4D8CB5F6E /* UIView+Extensions.swift in Sources */ = {isa = PBXBuildFile; fileRef = 13F3FDC0D0F2D262AC46247A /* UIView+Extensions.swift */; };
		13F3F38DC3CCD468D18FDE0C /* HomeBottomControlsStackView.swift in Sources */ = {isa = PBXBuildFile; fileRef = 13F3F7253DAB8DDDC8C8FA2F /* HomeBottomControlsStackView.swift */; };
		13F3F41D4D460EC18FA45853 /* HomeController.swift in Sources */ = {isa = PBXBuildFile; fileRef = 13F3FA00BE74B497029B79A5 /* HomeController.swift */; };
		13F3FC9FA9A95D87A7A4B2B7 /* TopNavigationStackView.swift in Sources */ = {isa = PBXBuildFile; fileRef = 13F3F23E6CCE71FC70425CF5 /* TopNavigationStackView.swift */; };
		F393C2C022BE8815007ABBE8 /* AppDelegate.swift in Sources */ = {isa = PBXBuildFile; fileRef = F393C2BF22BE8815007ABBE8 /* AppDelegate.swift */; };
		F393C2C522BE8815007ABBE8 /* Main.storyboard in Resources */ = {isa = PBXBuildFile; fileRef = F393C2C322BE8815007ABBE8 /* Main.storyboard */; };
		F393C2C722BE8816007ABBE8 /* Assets.xcassets in Resources */ = {isa = PBXBuildFile; fileRef = F393C2C622BE8816007ABBE8 /* Assets.xcassets */; };
		F393C2CA22BE8816007ABBE8 /* LaunchScreen.storyboard in Resources */ = {isa = PBXBuildFile; fileRef = F393C2C822BE8816007ABBE8 /* LaunchScreen.storyboard */; };
/* End PBXBuildFile section */

/* Begin PBXFileReference section */
		13F3F23E6CCE71FC70425CF5 /* TopNavigationStackView.swift */ = {isa = PBXFileReference; fileEncoding = 4; lastKnownFileType = sourcecode.swift; path = TopNavigationStackView.swift; sourceTree = "<group>"; };
		13F3F2AFB6EA6C382B276DB0 /* User.swift */ = {isa = PBXFileReference; fileEncoding = 4; lastKnownFileType = sourcecode.swift; path = User.swift; sourceTree = "<group>"; };
		13F3F7253DAB8DDDC8C8FA2F /* HomeBottomControlsStackView.swift */ = {isa = PBXFileReference; fileEncoding = 4; lastKnownFileType = sourcecode.swift; path = HomeBottomControlsStackView.swift; sourceTree = "<group>"; };
		13F3F98660B9D7376901CC14 /* CardView.swift */ = {isa = PBXFileReference; fileEncoding = 4; lastKnownFileType = sourcecode.swift; path = CardView.swift; sourceTree = "<group>"; };
		13F3FA00BE74B497029B79A5 /* HomeController.swift */ = {isa = PBXFileReference; fileEncoding = 4; lastKnownFileType = sourcecode.swift; path = HomeController.swift; sourceTree = "<group>"; };
		13F3FDC0D0F2D262AC46247A /* UIView+Extensions.swift */ = {isa = PBXFileReference; fileEncoding = 4; lastKnownFileType = sourcecode.swift; path = "UIView+Extensions.swift"; sourceTree = "<group>"; };
		F393C2BC22BE8815007ABBE8 /* TinderClone.app */ = {isa = PBXFileReference; explicitFileType = wrapper.application; includeInIndex = 0; path = TinderClone.app; sourceTree = BUILT_PRODUCTS_DIR; };
		F393C2BF22BE8815007ABBE8 /* AppDelegate.swift */ = {isa = PBXFileReference; lastKnownFileType = sourcecode.swift; path = AppDelegate.swift; sourceTree = "<group>"; };
		F393C2C422BE8815007ABBE8 /* Base */ = {isa = PBXFileReference; lastKnownFileType = file.storyboard; name = Base; path = Base.lproj/Main.storyboard; sourceTree = "<group>"; };
		F393C2C622BE8816007ABBE8 /* Assets.xcassets */ = {isa = PBXFileReference; lastKnownFileType = folder.assetcatalog; path = Assets.xcassets; sourceTree = "<group>"; };
		F393C2C922BE8816007ABBE8 /* Base */ = {isa = PBXFileReference; lastKnownFileType = file.storyboard; name = Base; path = Base.lproj/LaunchScreen.storyboard; sourceTree = "<group>"; };
		F393C2CB22BE8816007ABBE8 /* Info.plist */ = {isa = PBXFileReference; lastKnownFileType = text.plist.xml; path = Info.plist; sourceTree = "<group>"; };
/* End PBXFileReference section */

/* Begin PBXFrameworksBuildPhase section */
		F393C2B922BE8815007ABBE8 /* Frameworks */ = {
			isa = PBXFrameworksBuildPhase;
			buildActionMask = 2147483647;
			files = (
			);
			runOnlyForDeploymentPostprocessing = 0;
		};
/* End PBXFrameworksBuildPhase section */

/* Begin PBXGroup section */
		13F3F133A5FD7A53F9E65B1F /* Extensions */ = {
			isa = PBXGroup;
			children = (
				13F3FDC0D0F2D262AC46247A /* UIView+Extensions.swift */,
			);
			path = Extensions;
			sourceTree = "<group>";
		};
		13F3FB2B65DF13D02D95159F /* Model */ = {
			isa = PBXGroup;
			children = (
				13F3F2AFB6EA6C382B276DB0 /* User.swift */,
			);
			path = Model;
			sourceTree = "<group>";
		};
		13F3FEF1BD0464FDB10189FE /* Controller */ = {
			isa = PBXGroup;
			children = (
				13F3FA00BE74B497029B79A5 /* HomeController.swift */,
			);
			path = Controller;
			sourceTree = "<group>";
		};
		13F3FF9D81EEE4202F8E8083 /* Views */ = {
			isa = PBXGroup;
			children = (
				13F3F7253DAB8DDDC8C8FA2F /* HomeBottomControlsStackView.swift */,
				13F3F23E6CCE71FC70425CF5 /* TopNavigationStackView.swift */,
				13F3F98660B9D7376901CC14 /* CardView.swift */,
			);
			path = Views;
			sourceTree = "<group>";
		};
		F393C2B322BE8815007ABBE8 = {
			isa = PBXGroup;
			children = (
				F393C2BE22BE8815007ABBE8 /* TinderClone */,
				F393C2BD22BE8815007ABBE8 /* Products */,
			);
			sourceTree = "<group>";
		};
		F393C2BD22BE8815007ABBE8 /* Products */ = {
			isa = PBXGroup;
			children = (
				F393C2BC22BE8815007ABBE8 /* TinderClone.app */,
			);
			name = Products;
			sourceTree = "<group>";
		};
		F393C2BE22BE8815007ABBE8 /* TinderClone */ = {
			isa = PBXGroup;
			children = (
				F393C2BF22BE8815007ABBE8 /* AppDelegate.swift */,
				F393C2C322BE8815007ABBE8 /* Main.storyboard */,
				F393C2C622BE8816007ABBE8 /* Assets.xcassets */,
				F393C2C822BE8816007ABBE8 /* LaunchScreen.storyboard */,
				F393C2CB22BE8816007ABBE8 /* Info.plist */,
				13F3F133A5FD7A53F9E65B1F /* Extensions */,
				13F3FF9D81EEE4202F8E8083 /* Views */,
				13F3FB2B65DF13D02D95159F /* Model */,
				13F3FEF1BD0464FDB10189FE /* Controller */,
			);
			path = TinderClone;
			sourceTree = "<group>";
		};
/* End PBXGroup section */

/* Begin PBXNativeTarget section */
		F393C2BB22BE8815007ABBE8 /* TinderClone */ = {
			isa = PBXNativeTarget;
			buildConfigurationList = F393C2CE22BE8816007ABBE8 /* Build configuration list for PBXNativeTarget "TinderClone" */;
			buildPhases = (
				F393C2B822BE8815007ABBE8 /* Sources */,
				F393C2B922BE8815007ABBE8 /* Frameworks */,
				F393C2BA22BE8815007ABBE8 /* Resources */,
			);
			buildRules = (
			);
			dependencies = (
			);
			name = TinderClone;
			productName = TinderClone;
			productReference = F393C2BC22BE8815007ABBE8 /* TinderClone.app */;
			productType = "com.apple.product-type.application";
		};
/* End PBXNativeTarget section */

/* Begin PBXProject section */
		F393C2B422BE8815007ABBE8 /* Project object */ = {
			isa = PBXProject;
			attributes = {
				LastSwiftUpdateCheck = 1020;
				LastUpgradeCheck = 1020;
				ORGANIZATIONNAME = "국윤수";
				TargetAttributes = {
					F393C2BB22BE8815007ABBE8 = {
						CreatedOnToolsVersion = 10.2;
					};
				};
			};
			buildConfigurationList = F393C2B722BE8815007ABBE8 /* Build configuration list for PBXProject "TinderClone" */;
			compatibilityVersion = "Xcode 9.3";
			developmentRegion = en;
			hasScannedForEncodings = 0;
			knownRegions = (
				en,
				Base,
			);
			mainGroup = F393C2B322BE8815007ABBE8;
			productRefGroup = F393C2BD22BE8815007ABBE8 /* Products */;
			projectDirPath = "";
			projectRoot = "";
			targets = (
				F393C2BB22BE8815007ABBE8 /* TinderClone */,
			);
		};
/* End PBXProject section */

/* Begin PBXResourcesBuildPhase section */
		F393C2BA22BE8815007ABBE8 /* Resources */ = {
			isa = PBXResourcesBuildPhase;
			buildActionMask = 2147483647;
			files = (
				F393C2CA22BE8816007ABBE8 /* LaunchScreen.storyboard in Resources */,
				F393C2C722BE8816007ABBE8 /* Assets.xcassets in Resources */,
				F393C2C522BE8815007ABBE8 /* Main.storyboard in Resources */,
			);
			runOnlyForDeploymentPostprocessing = 0;
		};
/* End PBXResourcesBuildPhase section */

/* Begin PBXSourcesBuildPhase section */
		F393C2B822BE8815007ABBE8 /* Sources */ = {
			isa = PBXSourcesBuildPhase;
			buildActionMask = 2147483647;
			files = (
				F393C2C022BE8815007ABBE8 /* AppDelegate.swift in Sources */,
				13F3F32197A577A4D8CB5F6E /* UIView+Extensions.swift in Sources */,
				13F3F38DC3CCD468D18FDE0C /* HomeBottomControlsStackView.swift in Sources */,
				13F3FC9FA9A95D87A7A4B2B7 /* TopNavigationStackView.swift in Sources */,
				13F3F22542C915EBC9FD967F /* CardView.swift in Sources */,
				13F3F3105607942E0B161472 /* User.swift in Sources */,
				13F3F41D4D460EC18FA45853 /* HomeController.swift in Sources */,
			);
			runOnlyForDeploymentPostprocessing = 0;
		};
/* End PBXSourcesBuildPhase section */

/* Begin PBXVariantGroup section */
		F393C2C322BE8815007ABBE8 /* Main.storyboard */ = {
			isa = PBXVariantGroup;
			children = (
				F393C2C422BE8815007ABBE8 /* Base */,
			);
			name = Main.storyboard;
			sourceTree = "<group>";
		};
		F393C2C822BE8816007ABBE8 /* LaunchScreen.storyboard */ = {
			isa = PBXVariantGroup;
			children = (
				F393C2C922BE8816007ABBE8 /* Base */,
			);
			name = LaunchScreen.storyboard;
			sourceTree = "<group>";
		};
/* End PBXVariantGroup section */

/* Begin XCBuildConfiguration section */
		F393C2CC22BE8816007ABBE8 /* Debug */ = {
			isa = XCBuildConfiguration;
			buildSettings = {
				ALWAYS_SEARCH_USER_PATHS = NO;
				CLANG_ANALYZER_NONNULL = YES;
				CLANG_ANALYZER_NUMBER_OBJECT_CONVERSION = YES_AGGRESSIVE;
				CLANG_CXX_LANGUAGE_STANDARD = "gnu++14";
				CLANG_CXX_LIBRARY = "libc++";
				CLANG_ENABLE_MODULES = YES;
				CLANG_ENABLE_OBJC_ARC = YES;
				CLANG_ENABLE_OBJC_WEAK = YES;
				CLANG_WARN_BLOCK_CAPTURE_AUTORELEASING = YES;
				CLANG_WARN_BOOL_CONVERSION = YES;
				CLANG_WARN_COMMA = YES;
				CLANG_WARN_CONSTANT_CONVERSION = YES;
				CLANG_WARN_DEPRECATED_OBJC_IMPLEMENTATIONS = YES;
				CLANG_WARN_DIRECT_OBJC_ISA_USAGE = YES_ERROR;
				CLANG_WARN_DOCUMENTATION_COMMENTS = YES;
				CLANG_WARN_EMPTY_BODY = YES;
				CLANG_WARN_ENUM_CONVERSION = YES;
				CLANG_WARN_INFINITE_RECURSION = YES;
				CLANG_WARN_INT_CONVERSION = YES;
				CLANG_WARN_NON_LITERAL_NULL_CONVERSION = YES;
				CLANG_WARN_OBJC_IMPLICIT_RETAIN_SELF = YES;
				CLANG_WARN_OBJC_LITERAL_CONVERSION = YES;
				CLANG_WARN_OBJC_ROOT_CLASS = YES_ERROR;
				CLANG_WARN_RANGE_LOOP_ANALYSIS = YES;
				CLANG_WARN_STRICT_PROTOTYPES = YES;
				CLANG_WARN_SUSPICIOUS_MOVE = YES;
				CLANG_WARN_UNGUARDED_AVAILABILITY = YES_AGGRESSIVE;
				CLANG_WARN_UNREACHABLE_CODE = YES;
				CLANG_WARN__DUPLICATE_METHOD_MATCH = YES;
				CODE_SIGN_IDENTITY = "iPhone Developer";
				COPY_PHASE_STRIP = NO;
				DEBUG_INFORMATION_FORMAT = dwarf;
				ENABLE_STRICT_OBJC_MSGSEND = YES;
				ENABLE_TESTABILITY = YES;
				GCC_C_LANGUAGE_STANDARD = gnu11;
				GCC_DYNAMIC_NO_PIC = NO;
				GCC_NO_COMMON_BLOCKS = YES;
				GCC_OPTIMIZATION_LEVEL = 0;
				GCC_PREPROCESSOR_DEFINITIONS = (
					"DEBUG=1",
					"$(inherited)",
				);
				GCC_WARN_64_TO_32_BIT_CONVERSION = YES;
				GCC_WARN_ABOUT_RETURN_TYPE = YES_ERROR;
				GCC_WARN_UNDECLARED_SELECTOR = YES;
				GCC_WARN_UNINITIALIZED_AUTOS = YES_AGGRESSIVE;
				GCC_WARN_UNUSED_FUNCTION = YES;
				GCC_WARN_UNUSED_VARIABLE = YES;
				IPHONEOS_DEPLOYMENT_TARGET = 12.2;
				MTL_ENABLE_DEBUG_INFO = INCLUDE_SOURCE;
				MTL_FAST_MATH = YES;
				ONLY_ACTIVE_ARCH = YES;
				SDKROOT = iphoneos;
				SWIFT_ACTIVE_COMPILATION_CONDITIONS = DEBUG;
				SWIFT_OPTIMIZATION_LEVEL = "-Onone";
			};
			name = Debug;
		};
		F393C2CD22BE8816007ABBE8 /* Release */ = {
			isa = XCBuildConfiguration;
			buildSettings = {
				ALWAYS_SEARCH_USER_PATHS = NO;
				CLANG_ANALYZER_NONNULL = YES;
				CLANG_ANALYZER_NUMBER_OBJECT_CONVERSION = YES_AGGRESSIVE;
				CLANG_CXX_LANGUAGE_STANDARD = "gnu++14";
				CLANG_CXX_LIBRARY = "libc++";
				CLANG_ENABLE_MODULES = YES;
				CLANG_ENABLE_OBJC_ARC = YES;
				CLANG_ENABLE_OBJC_WEAK = YES;
				CLANG_WARN_BLOCK_CAPTURE_AUTORELEASING = YES;
				CLANG_WARN_BOOL_CONVERSION = YES;
				CLANG_WARN_COMMA = YES;
				CLANG_WARN_CONSTANT_CONVERSION = YES;
				CLANG_WARN_DEPRECATED_OBJC_IMPLEMENTATIONS = YES;
				CLANG_WARN_DIRECT_OBJC_ISA_USAGE = YES_ERROR;
				CLANG_WARN_DOCUMENTATION_COMMENTS = YES;
				CLANG_WARN_EMPTY_BODY = YES;
				CLANG_WARN_ENUM_CONVERSION = YES;
				CLANG_WARN_INFINITE_RECURSION = YES;
				CLANG_WARN_INT_CONVERSION = YES;
				CLANG_WARN_NON_LITERAL_NULL_CONVERSION = YES;
				CLANG_WARN_OBJC_IMPLICIT_RETAIN_SELF = YES;
				CLANG_WARN_OBJC_LITERAL_CONVERSION = YES;
				CLANG_WARN_OBJC_ROOT_CLASS = YES_ERROR;
				CLANG_WARN_RANGE_LOOP_ANALYSIS = YES;
				CLANG_WARN_STRICT_PROTOTYPES = YES;
				CLANG_WARN_SUSPICIOUS_MOVE = YES;
				CLANG_WARN_UNGUARDED_AVAILABILITY = YES_AGGRESSIVE;
				CLANG_WARN_UNREACHABLE_CODE = YES;
				CLANG_WARN__DUPLICATE_METHOD_MATCH = YES;
				CODE_SIGN_IDENTITY = "iPhone Developer";
				COPY_PHASE_STRIP = NO;
				DEBUG_INFORMATION_FORMAT = "dwarf-with-dsym";
				ENABLE_NS_ASSERTIONS = NO;
				ENABLE_STRICT_OBJC_MSGSEND = YES;
				GCC_C_LANGUAGE_STANDARD = gnu11;
				GCC_NO_COMMON_BLOCKS = YES;
				GCC_WARN_64_TO_32_BIT_CONVERSION = YES;
				GCC_WARN_ABOUT_RETURN_TYPE = YES_ERROR;
				GCC_WARN_UNDECLARED_SELECTOR = YES;
				GCC_WARN_UNINITIALIZED_AUTOS = YES_AGGRESSIVE;
				GCC_WARN_UNUSED_FUNCTION = YES;
				GCC_WARN_UNUSED_VARIABLE = YES;
				IPHONEOS_DEPLOYMENT_TARGET = 12.2;
				MTL_ENABLE_DEBUG_INFO = NO;
				MTL_FAST_MATH = YES;
				SDKROOT = iphoneos;
				SWIFT_COMPILATION_MODE = wholemodule;
				SWIFT_OPTIMIZATION_LEVEL = "-O";
				VALIDATE_PRODUCT = YES;
			};
			name = Release;
		};
		F393C2CF22BE8816007ABBE8 /* Debug */ = {
			isa = XCBuildConfiguration;
			buildSettings = {
				ASSETCATALOG_COMPILER_APPICON_NAME = AppIcon;
				CODE_SIGN_STYLE = Automatic;
				DEVELOPMENT_TEAM = 827YX997NH;
				INFOPLIST_FILE = TinderClone/Info.plist;
				LD_RUNPATH_SEARCH_PATHS = (
					"$(inherited)",
					"@executable_path/Frameworks",
				);
				PRODUCT_BUNDLE_IDENTIFIER = com.krgoodnews.TinderClone;
				PRODUCT_NAME = "$(TARGET_NAME)";
				SWIFT_VERSION = 5.0;
				TARGETED_DEVICE_FAMILY = "1,2";
			};
			name = Debug;
		};
		F393C2D022BE8816007ABBE8 /* Release */ = {
			isa = XCBuildConfiguration;
			buildSettings = {
				ASSETCATALOG_COMPILER_APPICON_NAME = AppIcon;
				CODE_SIGN_STYLE = Automatic;
				DEVELOPMENT_TEAM = 827YX997NH;
				INFOPLIST_FILE = TinderClone/Info.plist;
				LD_RUNPATH_SEARCH_PATHS = (
					"$(inherited)",
					"@executable_path/Frameworks",
				);
				PRODUCT_BUNDLE_IDENTIFIER = com.krgoodnews.TinderClone;
				PRODUCT_NAME = "$(TARGET_NAME)";
				SWIFT_VERSION = 5.0;
				TARGETED_DEVICE_FAMILY = "1,2";
			};
			name = Release;
		};
/* End XCBuildConfiguration section */

/* Begin XCConfigurationList section */
		F393C2B722BE8815007ABBE8 /* Build configuration list for PBXProject "TinderClone" */ = {
			isa = XCConfigurationList;
			buildConfigurations = (
				F393C2CC22BE8816007ABBE8 /* Debug */,
				F393C2CD22BE8816007ABBE8 /* Release */,
			);
			defaultConfigurationIsVisible = 0;
			defaultConfigurationName = Release;
		};
		F393C2CE22BE8816007ABBE8 /* Build configuration list for PBXNativeTarget "TinderClone" */ = {
			isa = XCConfigurationList;
			buildConfigurations = (
				F393C2CF22BE8816007ABBE8 /* Debug */,
				F393C2D022BE8816007ABBE8 /* Release */,
			);
			defaultConfigurationIsVisible = 0;
			defaultConfigurationName = Release;
		};
/* End XCConfigurationList section */
	};
	rootObject = F393C2B422BE8815007ABBE8 /* Project object */;
}
